
Microsoft Visual Studio Solution File, Format Version 12.00
# Visual Studio 2012
Project("{2150E333-8FDC-42A3-9474-1A3956D46DE8}") = "DB", "DB", "{4D5AF52C-A1B9-4CAA-9772-60B37EC07245}"
EndProject
Project("{FAE04EC0-301F-11D3-BF4B-00C04F79EFBC}") = "DB.Model", "DB.Model\DB.Model.csproj", "{6816E2B4-A7F9-4666-90F1-EE0CBA3D9463}"
EndProject
Project("{FAE04EC0-301F-11D3-BF4B-00C04F79EFBC}") = "Web", "Web\Web.csproj", "{A221B4D5-89CF-4476-931F-40759923E345}"
EndProject
Global
	GlobalSection(SolutionConfigurationPlatforms) = preSolution
		Debug|Any CPU = Debug|Any CPU
		Release|Any CPU = Release|Any CPU
	EndGlobalSection
	GlobalSection(ProjectConfigurationPlatforms) = postSolution
		{6816E2B4-A7F9-4666-90F1-EE0CBA3D9463}.Debug|Any CPU.ActiveCfg = Debug|Any CPU
		{6816E2B4-A7F9-4666-90F1-EE0CBA3D9463}.Debug|Any CPU.Build.0 = Debug|Any CPU
		{6816E2B4-A7F9-4666-90F1-EE0CBA3D9463}.Release|Any CPU.ActiveCfg = Release|Any CPU
		{6816E2B4-A7F9-4666-90F1-EE0CBA3D9463}.Release|Any CPU.Build.0 = Release|Any CPU
		{A221B4D5-89CF-4476-931F-40759923E345}.Debug|Any CPU.ActiveCfg = Debug|Any CPU
		{A221B4D5-89CF-4476-931F-40759923E345}.Debug|Any CPU.Build.0 = Debug|Any CPU
		{A221B4D5-89CF-4476-931F-40759923E345}.Release|Any CPU.ActiveCfg = Release|Any CPU
		{A221B4D5-89CF-4476-931F-40759923E345}.Release|Any CPU.Build.0 = Release|Any CPU
	EndGlobalSection
	GlobalSection(SolutionProperties) = preSolution
		HideSolutionNode = FALSE
	EndGlobalSection
	GlobalSection(NestedProjects) = preSolution
		{6816E2B4-A7F9-4666-90F1-EE0CBA3D9463} = {4D5AF52C-A1B9-4CAA-9772-60B37EC07245}
	EndGlobalSection
EndGlobal
